
Microsoft Visual Studio Solution File, Format Version 12.00
# Visual Studio Version 17
VisualStudioVersion = 17.8.34309.116
MinimumVisualStudioVersion = 10.0.40219.1
Project("{FAE04EC0-301F-11D3-BF4B-00C04F79EFBC}") = "SalesWebMvc", "SalesWebMvc\SalesWebMvc.csproj", "{5C97C53D-85D5-4D26-ABD3-4F911EB3D9E3}"
EndProject
Global
	GlobalSection(SolutionConfigurationPlatforms) = preSolution
		Debug|Any CPU = Debug|Any CPU
		Release|Any CPU = Release|Any CPU
	EndGlobalSection
	GlobalSection(ProjectConfigurationPlatforms) = postSolution
		{5C97C53D-85D5-4D26-ABD3-4F911EB3D9E3}.Debug|Any CPU.ActiveCfg = Debug|Any CPU
		{5C97C53D-85D5-4D26-ABD3-4F911EB3D9E3}.Debug|Any CPU.Build.0 = Debug|Any CPU
		{5C97C53D-85D5-4D26-ABD3-4F911EB3D9E3}.Release|Any CPU.ActiveCfg = Release|Any CPU
		{5C97C53D-85D5-4D26-ABD3-4F911EB3D9E3}.Release|Any CPU.Build.0 = Release|Any CPU
	EndGlobalSection
	GlobalSection(SolutionProperties) = preSolution
		HideSolutionNode = FALSE
	EndGlobalSection
	GlobalSection(ExtensibilityGlobals) = postSolution
		SolutionGuid = {5E444228-1092-448C-9D38-B711A0E93BD4}
	EndGlobalSection
EndGlobal
